
Microsoft Visual Studio Solution File, Format Version 12.00
# Visual Studio Version 16
VisualStudioVersion = 16.0.31702.278
MinimumVisualStudioVersion = 10.0.40219.1
Project("{FAE04EC0-301F-11D3-BF4B-00C04F79EFBC}") = "UniversidadWeb", "UniversidadWeb\UniversidadWeb.csproj", "{49E8E6A4-0438-4969-BD93-89F2725C8F6F}"
EndProject
Global
	GlobalSection(SolutionConfigurationPlatforms) = preSolution
		Debug|Any CPU = Debug|Any CPU
		Release|Any CPU = Release|Any CPU
	EndGlobalSection
	GlobalSection(ProjectConfigurationPlatforms) = postSolution
		{49E8E6A4-0438-4969-BD93-89F2725C8F6F}.Debug|Any CPU.ActiveCfg = Debug|Any CPU
		{49E8E6A4-0438-4969-BD93-89F2725C8F6F}.Debug|Any CPU.Build.0 = Debug|Any CPU
		{49E8E6A4-0438-4969-BD93-89F2725C8F6F}.Release|Any CPU.ActiveCfg = Release|Any CPU
		{49E8E6A4-0438-4969-BD93-89F2725C8F6F}.Release|Any CPU.Build.0 = Release|Any CPU
	EndGlobalSection
	GlobalSection(SolutionProperties) = preSolution
		HideSolutionNode = FALSE
	EndGlobalSection
	GlobalSection(ExtensibilityGlobals) = postSolution
		SolutionGuid = {F594B179-CD5B-41B3-BD0D-65BBE19152A4}
	EndGlobalSection
EndGlobal
